Microsoft Visual Studio Solution File, Format Version 12.00
Project("{FAE04EC0-301F-11D3-BF4B-00C04F79EFBC}") = "ToDoAppAPI", "ToDoAppAPI\ToDoAppAPI.csproj", "{D6E00294-79BF-4A84-962D-04D94E37BE9E}"
EndProject
<<<<<<< HEAD
Project("{FAE04EC0-301F-11D3-BF4B-00C04F79EFBC}") = "TodoAppMaui", "TodoAppMaui\TodoAppMaui.csproj", "{11111111-2222-3333-4444-555555555555}"
=======
Project("{FAE04EC0-301F-11D3-BF4B-00C04F79EFBC}") = "ToDoAppMaui", "ToDoAppMaui\ToDoAppMaui.csproj", "{B2A35921-5CF3-490F-BCE9-859BDF5B5A93}"
>>>>>>> 10365aee8ebc0dfee74b0b0f000b29146fa897e6
EndProject
Global
	GlobalSection(SolutionConfigurationPlatforms) = preSolution
		Debug|Any CPU = Debug|Any CPU
		Release|Any CPU = Release|Any CPU
	EndGlobalSection
	GlobalSection(ProjectConfigurationPlatforms) = postSolution
		{D6E00294-79BF-4A84-962D-04D94E37BE9E}.Debug|Any CPU.ActiveCfg = Debug|Any CPU
		{D6E00294-79BF-4A84-962D-04D94E37BE9E}.Debug|Any CPU.Build.0 = Debug|Any CPU
		{D6E00294-79BF-4A84-962D-04D94E37BE9E}.Release|Any CPU.ActiveCfg = Release|Any CPU
		{D6E00294-79BF-4A84-962D-04D94E37BE9E}.Release|Any CPU.Build.0 = Release|Any CPU
<<<<<<< HEAD
		{11111111-2222-3333-4444-555555555555}.Debug|Any CPU.ActiveCfg = Debug|Any CPU
		{11111111-2222-3333-4444-555555555555}.Debug|Any CPU.Build.0 = Debug|Any CPU
		{11111111-2222-3333-4444-555555555555}.Release|Any CPU.ActiveCfg = Release|Any CPU
		{11111111-2222-3333-4444-555555555555}.Release|Any CPU.Build.0 = Release|Any CPU
=======
		{B2A35921-5CF3-490F-BCE9-859BDF5B5A93}.Debug|Any CPU.ActiveCfg = Debug|Any CPU
		{B2A35921-5CF3-490F-BCE9-859BDF5B5A93}.Debug|Any CPU.Build.0 = Debug|Any CPU
		{B2A35921-5CF3-490F-BCE9-859BDF5B5A93}.Release|Any CPU.ActiveCfg = Release|Any CPU
		{B2A35921-5CF3-490F-BCE9-859BDF5B5A93}.Release|Any CPU.Build.0 = Release|Any CPU
>>>>>>> 10365aee8ebc0dfee74b0b0f000b29146fa897e6
	EndGlobalSection
EndGlobal
